
Microsoft Visual Studio Solution File, Format Version 12.00
# Visual Studio 14
VisualStudioVersion = 14.0.23107.0
MinimumVisualStudioVersion = 10.0.40219.1
Project("{FAE04EC0-301F-11D3-BF4B-00C04F79EFBC}") = "Calendar", "Calendar.csproj", "{3422714D-ABC5-4C97-91B2-0B65A9D04ECF}"
EndProject
Project("{FAE04EC0-301F-11D3-BF4B-00C04F79EFBC}") = "UnitTestCalendar", "UnitTestCalendar\UnitTestCalendar.csproj", "{875633C0-0FE6-4FB1-9F2E-C162A69608A5}"
EndProject
Project("{2150E333-8FDC-42A3-9474-1A3956D46DE8}") = "Solution Items", "Solution Items", "{A8BA5A6C-5853-4BF5-95CA-E76B6DD621F0}"
EndProject
Project("{FAE04EC0-301F-11D3-BF4B-00C04F79EFBC}") = "WindowsFormsCalendar", "WindowsFormsCalendar\WindowsFormsCalendar.csproj", "{88DFA866-2B42-40C6-8A15-316E8B5C08C6}"
EndProject
Project("{9092AA53-FB77-4645-B42D-1CCCA6BD08BD}") = "NodejsWebApp", "NodejsWebApp\NodejsWebApp.njsproj", "{6CF2931C-EE6E-402B-AF76-694CCDC454A4}"
EndProject
Global
	GlobalSection(SolutionConfigurationPlatforms) = preSolution
		Debug|Any CPU = Debug|Any CPU
		Release|Any CPU = Release|Any CPU
	EndGlobalSection
	GlobalSection(ProjectConfigurationPlatforms) = postSolution
		{3422714D-ABC5-4C97-91B2-0B65A9D04ECF}.Debug|Any CPU.ActiveCfg = Debug|Any CPU
		{3422714D-ABC5-4C97-91B2-0B65A9D04ECF}.Debug|Any CPU.Build.0 = Debug|Any CPU
		{3422714D-ABC5-4C97-91B2-0B65A9D04ECF}.Release|Any CPU.ActiveCfg = Release|Any CPU
		{3422714D-ABC5-4C97-91B2-0B65A9D04ECF}.Release|Any CPU.Build.0 = Release|Any CPU
		{875633C0-0FE6-4FB1-9F2E-C162A69608A5}.Debug|Any CPU.ActiveCfg = Debug|Any CPU
		{875633C0-0FE6-4FB1-9F2E-C162A69608A5}.Debug|Any CPU.Build.0 = Debug|Any CPU
		{875633C0-0FE6-4FB1-9F2E-C162A69608A5}.Release|Any CPU.ActiveCfg = Release|Any CPU
		{875633C0-0FE6-4FB1-9F2E-C162A69608A5}.Release|Any CPU.Build.0 = Release|Any CPU
		{88DFA866-2B42-40C6-8A15-316E8B5C08C6}.Debug|Any CPU.ActiveCfg = Debug|Any CPU
		{88DFA866-2B42-40C6-8A15-316E8B5C08C6}.Debug|Any CPU.Build.0 = Debug|Any CPU
		{88DFA866-2B42-40C6-8A15-316E8B5C08C6}.Release|Any CPU.ActiveCfg = Release|Any CPU
		{88DFA866-2B42-40C6-8A15-316E8B5C08C6}.Release|Any CPU.Build.0 = Release|Any CPU
		{6CF2931C-EE6E-402B-AF76-694CCDC454A4}.Debug|Any CPU.ActiveCfg = Debug|Any CPU
		{6CF2931C-EE6E-402B-AF76-694CCDC454A4}.Debug|Any CPU.Build.0 = Debug|Any CPU
		{6CF2931C-EE6E-402B-AF76-694CCDC454A4}.Release|Any CPU.ActiveCfg = Release|Any CPU
		{6CF2931C-EE6E-402B-AF76-694CCDC454A4}.Release|Any CPU.Build.0 = Release|Any CPU
	EndGlobalSection
	GlobalSection(SolutionProperties) = preSolution
		HideSolutionNode = FALSE
	EndGlobalSection
EndGlobal
